#MicroXplorer Configuration settings - do not modify
Mcu.Family=STM32F4
Dma.SPI2_TX.2.PeriphInc=DMA_PINC_DISABLE
ProjectManager.MainLocation=Core/Src
Dma.SPI2_TX.2.MemInc=DMA_MINC_ENABLE
Dma.USART1_TX.5.MemInc=DMA_MINC_ENABLE
USB_DEVICE.CLASS_NAME_FS=CDC
Dma.SPI2_RX.1.MemDataAlignment=DMA_MDATAALIGN_BYTE
Dma.USART1_TX.5.FIFOMode=DMA_FIFOMODE_DISABLE
RCC.CortexFreq_Value=84000000
Dma.SPI2_RX.1.RequestParameters=Instance,Direction,PeriphInc,MemInc,PeriphDataAlignment,MemDataAlignment,Mode,Priority,FIFOMode
ProjectManager.KeepUserCode=true
Mcu.UserName=STM32F401CCUx
SPI2.VirtualType=VM_MASTER
Dma.USART1_TX.5.Priority=DMA_PRIORITY_MEDIUM
RCC.PLLCLKFreq_Value=84000000
RCC.PLLQCLKFreq_Value=48000000
ProjectManager.functionlistsort=1-MX_GPIO_Init-GPIO-false-HAL-true,2-MX_DMA_Init-DMA-false-HAL-true,3-SystemClock_Config-RCC-false-HAL-false,4-MX_ADC1_Init-ADC1-false-HAL-true,5-MX_RTC_Init-RTC-false-HAL-true,6-MX_SPI2_Init-SPI2-false-HAL-true,7-MX_USART1_UART_Init-USART1-false-HAL-true,8-MX_USB_DEVICE_Init-USB_DEVICE-false-HAL-false
VP_RTC_VS_RTC_Activate.Mode=RTC_Enabled
PA11.Mode=Device_Only
RCC.RTCFreq_Value=32000
USART1.IPParameters=VirtualMode
Dma.SPI2_RX.1.Mode=DMA_NORMAL
Dma.ADC1.3.PeriphDataAlignment=DMA_PDATAALIGN_HALFWORD
NVIC.DMA1_Stream4_IRQn=true\:5\:0\:false\:false\:true\:true\:false\:true
PB13.Signal=SPI2_SCK
PB15.Signal=SPI2_MOSI
PinOutPanel.RotationAngle=0
Dma.SPI2_RX.1.Direction=DMA_PERIPH_TO_MEMORY
RCC.SYSCLKSource=RCC_SYSCLKSOURCE_PLLCLK
ProjectManager.StackSize=0x400
VP_FREERTOS_VS_CMSIS_V2.Mode=CMSIS_V2
Dma.USART1_TX.5.PeriphInc=DMA_PINC_DISABLE
Dma.SPI2_RX.1.PeriphDataAlignment=DMA_PDATAALIGN_BYTE
Dma.ADC1.3.MemInc=DMA_MINC_ENABLE
Mcu.IP4=RCC
RCC.FCLKCortexFreq_Value=84000000
Mcu.IP5=RTC
Mcu.IP2=FREERTOS
NVIC.SVCall_IRQn=true\:0\:0\:false\:false\:false\:false\:false\:false
NVIC.ADC_IRQn=true\:5\:0\:false\:false\:true\:true\:true\:true
Mcu.IP3=NVIC
Mcu.IP0=ADC1
Mcu.IP1=DMA
PA12.Signal=USB_OTG_FS_DP
Mcu.UserConstants=
PH0\ -\ OSC_IN.Signal=RCC_OSC_IN
Mcu.ThirdPartyNb=0
RCC.HCLKFreq_Value=84000000
Dma.USART1_RX.4.MemDataAlignment=DMA_MDATAALIGN_BYTE
Mcu.IPNb=11
RCC.I2SClocksFreq_Value=96000000
ProjectManager.PreviousToolchain=STM32CubeIDE
RCC.APB2TimFreq_Value=84000000
RCC.VcooutputI2S=96000000
Dma.ADC1.3.PeriphInc=DMA_PINC_DISABLE
Dma.SPI2_TX.2.PeriphDataAlignment=DMA_PDATAALIGN_BYTE
Dma.USART1_TX.5.Direction=DMA_MEMORY_TO_PERIPH
Mcu.Pin6=PB0
Mcu.Pin7=PB1
NVIC.DMA2_Stream0_IRQn=true\:5\:0\:false\:false\:true\:true\:true\:true
Mcu.Pin8=PB2
Mcu.Pin9=PB13
Dma.SPI2_TX.2.Instance=DMA1_Stream4
FREERTOS.IPParameters=Tasks01
RCC.AHBFreq_Value=84000000
SPI2.BaudRatePrescaler=SPI_BAUDRATEPRESCALER_8
PB13.Locked=true
Mcu.Pin0=PC13-ANTI_TAMP
Mcu.Pin1=PC14-OSC32_IN
Mcu.Pin2=PC15-OSC32_OUT
Mcu.Pin3=PH0 - OSC_IN
Mcu.Pin4=PH1 - OSC_OUT
PA0-WKUP.GPIOParameters=GPIO_Label
Mcu.Pin5=PA0-WKUP
ProjectManager.ProjectBuild=false
RCC.HSE_VALUE=25000000
NVIC.UsageFault_IRQn=true\:0\:0\:false\:false\:true\:false\:false\:false
NVIC.DebugMonitor_IRQn=true\:0\:0\:false\:false\:true\:false\:false\:false
PB2.Signal=GPIO_Output
Mcu.IP10=USB_OTG_FS
PC13-ANTI_TAMP.Signal=GPIO_Output
NVIC.SysTick_IRQn=true\:15\:0\:false\:false\:false\:true\:false\:true
Dma.ADC1.3.Instance=DMA2_Stream4
ProjectManager.FirmwarePackage=STM32Cube FW_F4 V1.25.2
ADC1.SamplingTime-4\#ChannelRegularConversion=ADC_SAMPLETIME_3CYCLES
MxDb.Version=DB.6.0.10
Dma.USART1_RX.4.Instance=DMA2_Stream2
ProjectManager.BackupPrevious=false
Dma.SPI2_RX.1.FIFOMode=DMA_FIFOMODE_DISABLE
PC14-OSC32_IN.Mode=LSE-External-Oscillator
Dma.USART1_TX.5.Mode=DMA_NORMAL
RCC.VCOInputFreq_Value=1000000
Dma.ADC1.3.Mode=DMA_CIRCULAR
PB14.Mode=Full_Duplex_Master
VP_SYS_VS_tim1.Mode=TIM1
Dma.MEMTOMEM.0.Instance=DMA2_Stream0
PB1.GPIO_Label=SS595
File.Version=6
SH.ADCx_IN8.0=ADC1_IN8,IN8
SPI2.CalculateBaudRate=5.25 MBits/s
NVIC.SPI2_IRQn=true\:5\:0\:false\:false\:true\:true\:true\:true
NVIC.PendSV_IRQn=true\:15\:0\:false\:false\:false\:true\:false\:false
Dma.SPI2_TX.2.MemDataAlignment=DMA_MDATAALIGN_BYTE
Dma.RequestsNb=6
ProjectManager.HalAssertFull=true
ProjectManager.ProjectName=DigitalSynthMidi
Mcu.Package=UFQFPN48
PB1.Signal=GPIO_Output
NVIC.DMA2_Stream7_IRQn=true\:5\:0\:false\:false\:true\:true\:false\:true
NVIC.TimeBase=TIM1_UP_TIM10_IRQn
SPI2.Mode=SPI_MODE_MASTER
Dma.SPI2_TX.2.Priority=DMA_PRIORITY_MEDIUM
Dma.USART1_RX.4.Direction=DMA_PERIPH_TO_MEMORY
RCC.EnbaleCSS=true
Dma.MEMTOMEM.0.PeriphInc=DMA_PINC_ENABLE
NVIC.OTG_FS_IRQn=true\:5\:0\:false\:false\:true\:true\:true\:true
ProjectManager.ToolChainLocation=
Dma.SPI2_TX.2.Mode=DMA_NORMAL
RCC.LSI_VALUE=32000
NVIC.TimeBaseIP=TIM1
PA10.Signal=USART1_RX
USB_OTG_FS.VirtualMode=Device_Only
Dma.MEMTOMEM.0.FIFOThreshold=DMA_FIFO_THRESHOLD_FULL
VP_USB_DEVICE_VS_USB_DEVICE_CDC_FS.Signal=USB_DEVICE_VS_USB_DEVICE_CDC_FS
Dma.SPI2_RX.1.Instance=DMA1_Stream3
NVIC.DMA2_Stream2_IRQn=true\:5\:0\:false\:false\:true\:true\:false\:true
Dma.Request2=SPI2_TX
Dma.Request1=SPI2_RX
RCC.APB1TimFreq_Value=84000000
Dma.Request4=USART1_RX
Dma.Request3=ADC1
NVIC.BusFault_IRQn=true\:0\:0\:false\:false\:true\:false\:false\:false
Dma.Request5=USART1_TX
SPI2.Direction=SPI_DIRECTION_2LINES
USB_OTG_FS.IPParameters=VirtualMode
PB13.Mode=Full_Duplex_Master
NVIC.USART1_IRQn=true\:5\:0\:false\:false\:true\:true\:true\:true
Dma.SPI2_TX.2.RequestParameters=Instance,Direction,PeriphInc,MemInc,PeriphDataAlignment,MemDataAlignment,Mode,Priority,FIFOMode
Dma.Request0=MEMTOMEM
ProjectManager.CustomerFirmwarePackage=
ADC1.Rank-4\#ChannelRegularConversion=1
PC13-ANTI_TAMP.GPIOParameters=GPIO_Label
VP_RTC_VS_RTC_Activate.Signal=RTC_VS_RTC_Activate
PC15-OSC32_OUT.Mode=LSE-External-Oscillator
Dma.MEMTOMEM.0.MemDataAlignment=DMA_MDATAALIGN_BYTE
ProjectManager.ProjectFileName=DigitalSynthMidi.ioc
FREERTOS.Tasks01=defaultTask,24,128,StartDefaultTask,Default,NULL,Dynamic,NULL,NULL
Dma.USART1_RX.4.RequestParameters=Instance,Direction,PeriphInc,MemInc,PeriphDataAlignment,MemDataAlignment,Mode,Priority,FIFOMode
ADC1.Channel-4\#ChannelRegularConversion=ADC_CHANNEL_8
PA10.Mode=Asynchronous
Mcu.PinsNb=20
Dma.MEMTOMEM.0.Priority=DMA_PRIORITY_HIGH
ProjectManager.NoMain=false
USB_DEVICE.VirtualModeFS=Cdc_FS
PC13-ANTI_TAMP.GPIO_Label=UsrLed
ADC1.IPParameters=Rank-4\#ChannelRegularConversion,master,Channel-4\#ChannelRegularConversion,SamplingTime-4\#ChannelRegularConversion,NbrOfConversionFlag
NVIC.SavedSvcallIrqHandlerGenerated=true
Dma.ADC1.3.Priority=DMA_PRIORITY_MEDIUM
PH1\ -\ OSC_OUT.Mode=HSE-External-Oscillator
Dma.USART1_RX.4.Priority=DMA_PRIORITY_MEDIUM
ProjectManager.DefaultFWLocation=true
Dma.USART1_TX.5.MemDataAlignment=DMA_MDATAALIGN_BYTE
ProjectManager.DeletePrevious=true
Dma.USART1_RX.4.Mode=DMA_NORMAL
RCC.APB1CLKDivider=RCC_HCLK_DIV2
PC14-OSC32_IN.Signal=RCC_OSC32_IN
USB_DEVICE.IPParameters=VirtualMode,VirtualModeFS,CLASS_NAME_FS
Dma.ADC1.3.FIFOMode=DMA_FIFOMODE_DISABLE
Dma.USART1_RX.4.FIFOMode=DMA_FIFOMODE_DISABLE
PA0-WKUP.GPIO_Label=UsrKey
PA0-WKUP.Signal=GPIO_Input
PA0-WKUP.Locked=true
PA9.Mode=Asynchronous
PH0\ -\ OSC_IN.Mode=HSE-External-Oscillator
Dma.USART1_TX.5.PeriphDataAlignment=DMA_PDATAALIGN_BYTE
ProjectManager.TargetToolchain=STM32CubeIDE
Dma.SPI2_TX.2.Direction=DMA_MEMORY_TO_PERIPH
VP_USB_DEVICE_VS_USB_DEVICE_CDC_FS.Mode=CDC_FS
Dma.SPI2_TX.2.FIFOMode=DMA_FIFOMODE_DISABLE
PA9.Signal=USART1_TX
PB2.GPIOParameters=GPIO_Label
SPI2.IPParameters=VirtualType,Mode,Direction,CalculateBaudRate,BaudRatePrescaler
ProjectManager.RegisterCallBack=
Dma.MEMTOMEM.0.FIFOMode=DMA_FIFOMODE_ENABLE
PC15-OSC32_OUT.Signal=RCC_OSC32_OUT
Dma.USART1_TX.5.RequestParameters=Instance,Direction,PeriphInc,MemInc,PeriphDataAlignment,MemDataAlignment,Mode,Priority,FIFOMode
PB1.Locked=true
Dma.MEMTOMEM.0.MemBurst=DMA_MBURST_SINGLE
RCC.VCOI2SOutputFreq_Value=192000000
PB14.Signal=SPI2_MISO
Dma.ADC1.3.MemDataAlignment=DMA_MDATAALIGN_HALFWORD
Dma.ADC1.3.Direction=DMA_PERIPH_TO_MEMORY
PH1\ -\ OSC_OUT.Signal=RCC_OSC_OUT
board=custom
RCC.VCOOutputFreq_Value=336000000
PC13-ANTI_TAMP.Locked=true
ProjectManager.LastFirmware=true
PB15.Mode=Full_Duplex_Master
NVIC.SavedSystickIrqHandlerGenerated=true
RCC.APB2Freq_Value=84000000
MxCube.Version=6.1.1
Dma.SPI2_RX.1.Priority=DMA_PRIORITY_MEDIUM
Dma.USART1_RX.4.PeriphDataAlignment=DMA_PDATAALIGN_BYTE
VP_SYS_VS_tim1.Signal=SYS_VS_tim1
NVIC.NonMaskableInt_IRQn=true\:0\:0\:false\:false\:true\:false\:false\:true
SH.ADCx_IN8.ConfNb=1
ProjectManager.FreePins=true
RCC.IPParameters=48MHZClocksFreq_Value,AHBFreq_Value,APB1CLKDivider,APB1Freq_Value,APB1TimFreq_Value,APB2Freq_Value,APB2TimFreq_Value,CortexFreq_Value,EnbaleCSS,FCLKCortexFreq_Value,HCLKFreq_Value,HSE_VALUE,HSI_VALUE,I2SClocksFreq_Value,LSI_VALUE,PLLCLKFreq_Value,PLLM,PLLN,PLLP,PLLQ,PLLQCLKFreq_Value,RTCFreq_Value,RTCHSEDivFreq_Value,SYSCLKFreq_VALUE,SYSCLKSource,VCOI2SOutputFreq_Value,VCOInputFreq_Value,VCOOutputFreq_Value,VcooutputI2S
ProjectManager.AskForMigrate=true
Mcu.Name=STM32F401C(B-C)Ux
Dma.SPI2_RX.1.PeriphInc=DMA_PINC_DISABLE
NVIC.SavedPendsvIrqHandlerGenerated=true
NVIC.DMA2_Stream4_IRQn=true\:5\:0\:false\:false\:true\:true\:false\:true
RCC.RTCHSEDivFreq_Value=12500000
ProjectManager.UnderRoot=true
PB2.Locked=true
Mcu.IP8=USART1
VP_FREERTOS_VS_CMSIS_V2.Signal=FREERTOS_VS_CMSIS_V2
Mcu.IP9=USB_DEVICE
Dma.MEMTOMEM.0.PeriphDataAlignment=DMA_PDATAALIGN_BYTE
Mcu.IP6=SPI2
Mcu.IP7=SYS
ProjectManager.CoupleFile=true
RCC.48MHZClocksFreq_Value=48000000
RCC.SYSCLKFreq_VALUE=84000000
ADC1.master=1
PA12.Mode=Device_Only
Dma.MEMTOMEM.0.Mode=DMA_NORMAL
Dma.MEMTOMEM.0.PeriphBurst=DMA_PBURST_SINGLE
NVIC.ForceEnableDMAVector=true
KeepUserPlacement=false
Dma.MEMTOMEM.0.MemInc=DMA_MINC_ENABLE
NVIC.MemoryManagement_IRQn=true\:0\:0\:false\:false\:true\:false\:false\:false
USART1.VirtualMode=VM_ASYNC
ProjectManager.CompilerOptimize=6
Dma.ADC1.3.RequestParameters=Instance,Direction,PeriphInc,MemInc,PeriphDataAlignment,MemDataAlignment,Mode,Priority,FIFOMode
PA11.Signal=USB_OTG_FS_DM
Dma.USART1_RX.4.MemInc=DMA_MINC_ENABLE
PB2.GPIO_Label=SS165
ProjectManager.HeapSize=0x200
Mcu.Pin15=PA12
NVIC.HardFault_IRQn=true\:0\:0\:false\:false\:true\:false\:false\:false
Mcu.Pin16=VP_FREERTOS_VS_CMSIS_V2
Mcu.Pin13=PA10
Mcu.Pin14=PA11
Mcu.Pin19=VP_USB_DEVICE_VS_USB_DEVICE_CDC_FS
NVIC.TIM1_UP_TIM10_IRQn=true\:0\:0\:false\:false\:true\:false\:false\:true
ProjectManager.ComputerToolchain=false
Mcu.Pin17=VP_RTC_VS_RTC_Activate
RCC.HSI_VALUE=16000000
Mcu.Pin18=VP_SYS_VS_tim1
RCC.PLLP=RCC_PLLP_DIV4
RCC.PLLQ=7
NVIC.PriorityGroup=NVIC_PRIORITYGROUP_4
ADC1.NbrOfConversionFlag=1
Mcu.Pin11=PB15
Mcu.Pin12=PA9
RCC.PLLM=25
RCC.PLLN=336
Mcu.Pin10=PB14
Dma.MEMTOMEM.0.Direction=DMA_MEMORY_TO_MEMORY
Dma.USART1_TX.5.Instance=DMA2_Stream7
NVIC.DMA1_Stream3_IRQn=true\:5\:0\:false\:false\:true\:true\:false\:true
Dma.MEMTOMEM.0.RequestParameters=Instance,Direction,PeriphInc,MemInc,PeriphDataAlignment,MemDataAlignment,Mode,Priority,FIFOMode,FIFOThreshold,MemBurst,PeriphBurst
Dma.USART1_RX.4.PeriphInc=DMA_PINC_DISABLE
RCC.APB1Freq_Value=42000000
PB0.Signal=ADCx_IN8
USB_DEVICE.VirtualMode=Cdc
Dma.SPI2_RX.1.MemInc=DMA_MINC_ENABLE
ProjectManager.DeviceId=STM32F401CCUx
ProjectManager.LibraryCopy=1
PB1.GPIOParameters=GPIO_Label
